# This file is automatically @generated by Poetry and should not be changed by hand.

[[package]]
name = "quantiphy"
version = "2.20"
description = "physical quantities (numbers with units)"
category = "main"
optional = false
python-versions = ">=3.6"
files = [
    {file = "quantiphy-2.20-py3-none-any.whl", hash = "sha256:afdf5f9d1cc87359bd7daf19dc1cb23808eb2e264d9395b36ca6527fb4d71b3a"},
    {file = "quantiphy-2.20.tar.gz", hash = "sha256:ba5375ac55c3b90077a793588dd5a88aaf81b2c3b0fc9c9359513ac39f6ed84d"},
]

[metadata]
lock-version = "2.0"
python-versions = "^3.11"
content-hash = "32c29be23ef518fcd915b4ce1ce3cb3f9adc5fa1cea0ef6442eee1073bf31646"
